
Microsoft Visual Studio Solution File, Format Version 12.00
# Visual Studio Version 16
VisualStudioVersion = 16.0.31112.23
MinimumVisualStudioVersion = 10.0.40219.1
Project("{9A19103F-16F7-4668-BE54-9A1E7A4F7556}") = "WebAppCICDProj", "WebAppCICDProj.csproj", "{AEED8D69-6188-4AF2-9ECF-23CE5C5A3520}"
EndProject
Global
	GlobalSection(SolutionConfigurationPlatforms) = preSolution
		Debug|Any CPU = Debug|Any CPU
		Release|Any CPU = Release|Any CPU
	EndGlobalSection
	GlobalSection(ProjectConfigurationPlatforms) = postSolution
		{AEED8D69-6188-4AF2-9ECF-23CE5C5A3520}.Debug|Any CPU.ActiveCfg = Debug|Any CPU
		{AEED8D69-6188-4AF2-9ECF-23CE5C5A3520}.Debug|Any CPU.Build.0 = Debug|Any CPU
		{AEED8D69-6188-4AF2-9ECF-23CE5C5A3520}.Release|Any CPU.ActiveCfg = Release|Any CPU
		{AEED8D69-6188-4AF2-9ECF-23CE5C5A3520}.Release|Any CPU.Build.0 = Release|Any CPU
	EndGlobalSection
	GlobalSection(SolutionProperties) = preSolution
		HideSolutionNode = FALSE
	EndGlobalSection
	GlobalSection(ExtensibilityGlobals) = postSolution
		SolutionGuid = {7F1D3F4D-0845-4262-A20C-A5F3A5E96A63}
	EndGlobalSection
EndGlobal
